
Microsoft Visual Studio Solution File, Format Version 12.00
# Visual Studio 2013
VisualStudioVersion = 12.0.30723.0
MinimumVisualStudioVersion = 10.0.40219.1
Project("{FAE04EC0-301F-11D3-BF4B-00C04F79EFBC}") = "Cwiczebnia1411", "Cwiczebnia1411\Cwiczebnia1411.csproj", "{6118BBF7-D975-4CAB-A95D-3DEB5215FABC}"
EndProject
Global
	GlobalSection(SolutionConfigurationPlatforms) = preSolution
		Debug|Any CPU = Debug|Any CPU
		Release|Any CPU = Release|Any CPU
	EndGlobalSection
	GlobalSection(ProjectConfigurationPlatforms) = postSolution
		{6118BBF7-D975-4CAB-A95D-3DEB5215FABC}.Debug|Any CPU.ActiveCfg = Debug|Any CPU
		{6118BBF7-D975-4CAB-A95D-3DEB5215FABC}.Debug|Any CPU.Build.0 = Debug|Any CPU
		{6118BBF7-D975-4CAB-A95D-3DEB5215FABC}.Release|Any CPU.ActiveCfg = Release|Any CPU
		{6118BBF7-D975-4CAB-A95D-3DEB5215FABC}.Release|Any CPU.Build.0 = Release|Any CPU
	EndGlobalSection
	GlobalSection(SolutionProperties) = preSolution
		HideSolutionNode = FALSE
	EndGlobalSection
EndGlobal
